
Microsoft Visual Studio Solution File, Format Version 12.00
# Visual Studio Version 16
VisualStudioVersion = 16.0.31424.327
MinimumVisualStudioVersion = 10.0.40219.1
Project("{FAE04EC0-301F-11D3-BF4B-00C04F79EFBC}") = "ProjectManagement", "ProjectManagement.csproj", "{3B7015DA-B94B-4777-BCCE-EB18D6289EAB}"
EndProject
Global
	GlobalSection(SolutionConfigurationPlatforms) = preSolution
		Debug|Any CPU = Debug|Any CPU
		Release|Any CPU = Release|Any CPU
	EndGlobalSection
	GlobalSection(ProjectConfigurationPlatforms) = postSolution
		{3B7015DA-B94B-4777-BCCE-EB18D6289EAB}.Debug|Any CPU.ActiveCfg = Debug|Any CPU
		{3B7015DA-B94B-4777-BCCE-EB18D6289EAB}.Debug|Any CPU.Build.0 = Debug|Any CPU
		{3B7015DA-B94B-4777-BCCE-EB18D6289EAB}.Release|Any CPU.ActiveCfg = Release|Any CPU
		{3B7015DA-B94B-4777-BCCE-EB18D6289EAB}.Release|Any CPU.Build.0 = Release|Any CPU
	EndGlobalSection
	GlobalSection(SolutionProperties) = preSolution
		HideSolutionNode = FALSE
	EndGlobalSection
	GlobalSection(ExtensibilityGlobals) = postSolution
		SolutionGuid = {8F7AB9E8-241F-4064-B7B2-D2538ACEA12A}
	EndGlobalSection
EndGlobal
